// !$*UTF8*$!
{
	archiveVersion = 1;
	classes = {
	};
	objectVersion = 55;
	objects = {

/* Begin PBXBuildFile section */
		540615E5294AECA0001D6CA8 /* AppDelegate.swift in Sources */ = {isa = PBXBuildFile; fileRef = 540615E4294AECA0001D6CA8 /* AppDelegate.swift */; };
		540615E7294AECA0001D6CA8 /* SceneDelegate.swift in Sources */ = {isa = PBXBuildFile; fileRef = 540615E6294AECA0001D6CA8 /* SceneDelegate.swift */; };
		540615E9294AECA0001D6CA8 /* ViewController.swift in Sources */ = {isa = PBXBuildFile; fileRef = 540615E8294AECA0001D6CA8 /* ViewController.swift */; };
		540615EC294AECA0001D6CA8 /* Main.storyboard in Resources */ = {isa = PBXBuildFile; fileRef = 540615EA294AECA0001D6CA8 /* Main.storyboard */; };
		540615EF294AECA0001D6CA8 /* countryCodePicker.xcdatamodeld in Sources */ = {isa = PBXBuildFile; fileRef = 540615ED294AECA0001D6CA8 /* countryCodePicker.xcdatamodeld */; };
		540615F1294AECA2001D6CA8 /* Assets.xcassets in Resources */ = {isa = PBXBuildFile; fileRef = 540615F0294AECA2001D6CA8 /* Assets.xcassets */; };
		540615F4294AECA2001D6CA8 /* LaunchScreen.storyboard in Resources */ = {isa = PBXBuildFile; fileRef = 540615F2294AECA2001D6CA8 /* LaunchScreen.storyboard */; };
		5491A9FE294CBD67003E3AAA /* GlobalConstants.swift in Sources */ = {isa = PBXBuildFile; fileRef = 5491A9FD294CBD67003E3AAA /* GlobalConstants.swift */; };
/* End PBXBuildFile section */

/* Begin PBXFileReference section */
		540615E1294AECA0001D6CA8 /* countryCodePicker.app */ = {isa = PBXFileReference; explicitFileType = wrapper.application; includeInIndex = 0; path = countryCodePicker.app; sourceTree = BUILT_PRODUCTS_DIR; };
		540615E4294AECA0001D6CA8 /* AppDelegate.swift */ = {isa = PBXFileReference; lastKnownFileType = sourcecode.swift; path = AppDelegate.swift; sourceTree = "<group>"; };
		540615E6294AECA0001D6CA8 /* SceneDelegate.swift */ = {isa = PBXFileReference; lastKnownFileType = sourcecode.swift; path = SceneDelegate.swift; sourceTree = "<group>"; };
		540615E8294AECA0001D6CA8 /* ViewController.swift */ = {isa = PBXFileReference; lastKnownFileType = sourcecode.swift; path = ViewController.swift; sourceTree = "<group>"; };
		540615EB294AECA0001D6CA8 /* Base */ = {isa = PBXFileReference; lastKnownFileType = file.storyboard; name = Base; path = Base.lproj/Main.storyboard; sourceTree = "<group>"; };
		540615EE294AECA0001D6CA8 /* countryCodePicker.xcdatamodel */ = {isa = PBXFileReference; lastKnownFileType = wrapper.xcdatamodel; path = countryCodePicker.xcdatamodel; sourceTree = "<group>"; };
		540615F0294AECA2001D6CA8 /* Assets.xcassets */ = {isa = PBXFileReference; lastKnownFileType = folder.assetcatalog; path = Assets.xcassets; sourceTree = "<group>"; };
		540615F3294AECA2001D6CA8 /* Base */ = {isa = PBXFileReference; lastKnownFileType = file.storyboard; name = Base; path = Base.lproj/LaunchScreen.storyboard; sourceTree = "<group>"; };
		540615F5294AECA2001D6CA8 /* Info.plist */ = {isa = PBXFileReference; lastKnownFileType = text.plist.xml; path = Info.plist; sourceTree = "<group>"; };
		5491A9FD294CBD67003E3AAA /* GlobalConstants.swift */ = {isa = PBXFileReference; lastKnownFileType = sourcecode.swift; path = GlobalConstants.swift; sourceTree = "<group>"; };
/* End PBXFileReference section */

/* Begin PBXFrameworksBuildPhase section */
		540615DE294AECA0001D6CA8 /* Frameworks */ = {
			isa = PBXFrameworksBuildPhase;
			buildActionMask = 2147483647;
			files = (
			);
			runOnlyForDeploymentPostprocessing = 0;
		};
/* End PBXFrameworksBuildPhase section */

/* Begin PBXGroup section */
		540615D8294AEC9F001D6CA8 = {
			isa = PBXGroup;
			children = (
				540615E3294AECA0001D6CA8 /* countryCodePicker */,
				540615E2294AECA0001D6CA8 /* Products */,
			);
			sourceTree = "<group>";
		};
		540615E2294AECA0001D6CA8 /* Products */ = {
			isa = PBXGroup;
			children = (
				540615E1294AECA0001D6CA8 /* countryCodePicker.app */,
			);
			name = Products;
			sourceTree = "<group>";
		};
		540615E3294AECA0001D6CA8 /* countryCodePicker */ = {
			isa = PBXGroup;
			children = (
				540615E4294AECA0001D6CA8 /* AppDelegate.swift */,
				540615E6294AECA0001D6CA8 /* SceneDelegate.swift */,
				540615E8294AECA0001D6CA8 /* ViewController.swift */,
				5491A9FD294CBD67003E3AAA /* GlobalConstants.swift */,
				540615EA294AECA0001D6CA8 /* Main.storyboard */,
				540615F0294AECA2001D6CA8 /* Assets.xcassets */,
				540615F2294AECA2001D6CA8 /* LaunchScreen.storyboard */,
				540615F5294AECA2001D6CA8 /* Info.plist */,
				540615ED294AECA0001D6CA8 /* countryCodePicker.xcdatamodeld */,
			);
			path = countryCodePicker;
			sourceTree = "<group>";
		};
/* End PBXGroup section */

/* Begin PBXNativeTarget section */
		540615E0294AECA0001D6CA8 /* countryCodePicker */ = {
			isa = PBXNativeTarget;
			buildConfigurationList = 540615F8294AECA2001D6CA8 /* Build configuration list for PBXNativeTarget "countryCodePicker" */;
			buildPhases = (
				540615DD294AECA0001D6CA8 /* Sources */,
				540615DE294AECA0001D6CA8 /* Frameworks */,
				540615DF294AECA0001D6CA8 /* Resources */,
			);
			buildRules = (
			);
			dependencies = (
			);
			name = countryCodePicker;
			productName = countryCodePicker;
			productReference = 540615E1294AECA0001D6CA8 /* countryCodePicker.app */;
			productType = "com.apple.product-type.application";
		};
/* End PBXNativeTarget section */

/* Begin PBXProject section */
		540615D9294AECA0001D6CA8 /* Project object */ = {
			isa = PBXProject;
			attributes = {
				BuildIndependentTargetsInParallel = 1;
				LastSwiftUpdateCheck = 1320;
				LastUpgradeCheck = 1320;
				TargetAttributes = {
					540615E0294AECA0001D6CA8 = {
						CreatedOnToolsVersion = 13.2.1;
					};
				};
			};
			buildConfigurationList = 540615DC294AECA0001D6CA8 /* Build configuration list for PBXProject "countryCodePicker" */;
			compatibilityVersion = "Xcode 13.0";
			developmentRegion = en;
			hasScannedForEncodings = 0;
			knownRegions = (
				en,
				Base,
			);
			mainGroup = 540615D8294AEC9F001D6CA8;
			productRefGroup = 540615E2294AECA0001D6CA8 /* Products */;
			projectDirPath = "";
			projectRoot = "";
			targets = (
				540615E0294AECA0001D6CA8 /* countryCodePicker */,
			);
		};
/* End PBXProject section */

/* Begin PBXResourcesBuildPhase section */
		540615DF294AECA0001D6CA8 /* Resources */ = {
			isa = PBXResourcesBuildPhase;
			buildActionMask = 2147483647;
			files = (
				540615F4294AECA2001D6CA8 /* LaunchScreen.storyboard in Resources */,
				540615F1294AECA2001D6CA8 /* Assets.xcassets in Resources */,
				540615EC294AECA0001D6CA8 /* Main.storyboard in Resources */,
			);
			runOnlyForDeploymentPostprocessing = 0;
		};
/* End PBXResourcesBuildPhase section */

/* Begin PBXSourcesBuildPhase section */
		540615DD294AECA0001D6CA8 /* Sources */ = {
			isa = PBXSourcesBuildPhase;
			buildActionMask = 2147483647;
			files = (
				540615E9294AECA0001D6CA8 /* ViewController.swift in Sources */,
				540615E5294AECA0001D6CA8 /* AppDelegate.swift in Sources */,
				5491A9FE294CBD67003E3AAA /* GlobalConstants.swift in Sources */,
				540615E7294AECA0001D6CA8 /* SceneDelegate.swift in Sources */,
				540615EF294AECA0001D6CA8 /* countryCodePicker.xcdatamodeld in Sources */,
			);
			runOnlyForDeploymentPostprocessing = 0;
		};
/* End PBXSourcesBuildPhase section */

/* Begin PBXVariantGroup section */
		540615EA294AECA0001D6CA8 /* Main.storyboard */ = {
			isa = PBXVariantGroup;
			children = (
				540615EB294AECA0001D6CA8 /* Base */,
			);
			name = Main.storyboard;
			sourceTree = "<group>";
		};
		540615F2294AECA2001D6CA8 /* LaunchScreen.storyboard */ = {
			isa = PBXVariantGroup;
			children = (
				540615F3294AECA2001D6CA8 /* Base */,
			);
			name = LaunchScreen.storyboard;
			sourceTree = "<group>";
		};
/* End PBXVariantGroup section */

/* Begin XCBuildConfiguration section */
		540615F6294AECA2001D6CA8 /* Debug */ = {
			isa = XCBuildConfiguration;
			buildSettings = {
				ALWAYS_SEARCH_USER_PATHS = NO;
				CLANG_ANALYZER_NONNULL = YES;
				CLANG_ANALYZER_NUMBER_OBJECT_CONVERSION = YES_AGGRESSIVE;
				CLANG_CXX_LANGUAGE_STANDARD = "gnu++17";
				CLANG_CXX_LIBRARY = "libc++";
				CLANG_ENABLE_MODULES = YES;
				CLANG_ENABLE_OBJC_ARC = YES;
				CLANG_ENABLE_OBJC_WEAK = YES;
				CLANG_WARN_BLOCK_CAPTURE_AUTORELEASING = YES;
				CLANG_WARN_BOOL_CONVERSION = YES;
				CLANG_WARN_COMMA = YES;
				CLANG_WARN_CONSTANT_CONVERSION = YES;
				CLANG_WARN_DEPRECATED_OBJC_IMPLEMENTATIONS = YES;
				CLANG_WARN_DIRECT_OBJC_ISA_USAGE = YES_ERROR;
				CLANG_WARN_DOCUMENTATION_COMMENTS = YES;
				CLANG_WARN_EMPTY_BODY = YES;
				CLANG_WARN_ENUM_CONVERSION = YES;
				CLANG_WARN_INFINITE_RECURSION = YES;
				CLANG_WARN_INT_CONVERSION = YES;
				CLANG_WARN_NON_LITERAL_NULL_CONVERSION = YES;
				CLANG_WARN_OBJC_IMPLICIT_RETAIN_SELF = YES;
				CLANG_WARN_OBJC_LITERAL_CONVERSION = YES;
				CLANG_WARN_OBJC_ROOT_CLASS = YES_ERROR;
				CLANG_WARN_QUOTED_INCLUDE_IN_FRAMEWORK_HEADER = YES;
				CLANG_WARN_RANGE_LOOP_ANALYSIS = YES;
				CLANG_WARN_STRICT_PROTOTYPES = YES;
				CLANG_WARN_SUSPICIOUS_MOVE = YES;
				CLANG_WARN_UNGUARDED_AVAILABILITY = YES_AGGRESSIVE;
				CLANG_WARN_UNREACHABLE_CODE = YES;
				CLANG_WARN__DUPLICATE_METHOD_MATCH = YES;
				COPY_PHASE_STRIP = NO;
				DEBUG_INFORMATION_FORMAT = dwarf;
				ENABLE_STRICT_OBJC_MSGSEND = YES;
				ENABLE_TESTABILITY = YES;
				GCC_C_LANGUAGE_STANDARD = gnu11;
				GCC_DYNAMIC_NO_PIC = NO;
				GCC_NO_COMMON_BLOCKS = YES;
				GCC_OPTIMIZATION_LEVEL = 0;
				GCC_PREPROCESSOR_DEFINITIONS = (
					"DEBUG=1",
					"$(inherited)",
				);
				GCC_WARN_64_TO_32_BIT_CONVERSION = YES;
				GCC_WARN_ABOUT_RETURN_TYPE = YES_ERROR;
				GCC_WARN_UNDECLARED_SELECTOR = YES;
				GCC_WARN_UNINITIALIZED_AUTOS = YES_AGGRESSIVE;
				GCC_WARN_UNUSED_FUNCTION = YES;
				GCC_WARN_UNUSED_VARIABLE = YES;
				IPHONEOS_DEPLOYMENT_TARGET = 15.2;
				MTL_ENABLE_DEBUG_INFO = INCLUDE_SOURCE;
				MTL_FAST_MATH = YES;
				ONLY_ACTIVE_ARCH = YES;
				SDKROOT = iphoneos;
				SWIFT_ACTIVE_COMPILATION_CONDITIONS = DEBUG;
				SWIFT_OPTIMIZATION_LEVEL = "-Onone";
			};
			name = Debug;
		};
		540615F7294AECA2001D6CA8 /* Release */ = {
			isa = XCBuildConfiguration;
			buildSettings = {
				ALWAYS_SEARCH_USER_PATHS = NO;
				CLANG_ANALYZER_NONNULL = YES;
				CLANG_ANALYZER_NUMBER_OBJECT_CONVERSION = YES_AGGRESSIVE;
				CLANG_CXX_LANGUAGE_STANDARD = "gnu++17";
				CLANG_CXX_LIBRARY = "libc++";
				CLANG_ENABLE_MODULES = YES;
				CLANG_ENABLE_OBJC_ARC = YES;
				CLANG_ENABLE_OBJC_WEAK = YES;
				CLANG_WARN_BLOCK_CAPTURE_AUTORELEASING = YES;
				CLANG_WARN_BOOL_CONVERSION = YES;
				CLANG_WARN_COMMA = YES;
				CLANG_WARN_CONSTANT_CONVERSION = YES;
				CLANG_WARN_DEPRECATED_OBJC_IMPLEMENTATIONS = YES;
				CLANG_WARN_DIRECT_OBJC_ISA_USAGE = YES_ERROR;
				CLANG_WARN_DOCUMENTATION_COMMENTS = YES;
				CLANG_WARN_EMPTY_BODY = YES;
				CLANG_WARN_ENUM_CONVERSION = YES;
				CLANG_WARN_INFINITE_RECURSION = YES;
				CLANG_WARN_INT_CONVERSION = YES;
				CLANG_WARN_NON_LITERAL_NULL_CONVERSION = YES;
				CLANG_WARN_OBJC_IMPLICIT_RETAIN_SELF = YES;
				CLANG_WARN_OBJC_LITERAL_CONVERSION = YES;
				CLANG_WARN_OBJC_ROOT_CLASS = YES_ERROR;
				CLANG_WARN_QUOTED_INCLUDE_IN_FRAMEWORK_HEADER = YES;
				CLANG_WARN_RANGE_LOOP_ANALYSIS = YES;
				CLANG_WARN_STRICT_PROTOTYPES = YES;
				CLANG_WARN_SUSPICIOUS_MOVE = YES;
				CLANG_WARN_UNGUARDED_AVAILABILITY = YES_AGGRESSIVE;
				CLANG_WARN_UNREACHABLE_CODE = YES;
				CLANG_WARN__DUPLICATE_METHOD_MATCH = YES;
				COPY_PHASE_STRIP = NO;
				DEBUG_INFORMATION_FORMAT = "dwarf-with-dsym";
				ENABLE_NS_ASSERTIONS = NO;
				ENABLE_STRICT_OBJC_MSGSEND = YES;
				GCC_C_LANGUAGE_STANDARD = gnu11;
				GCC_NO_COMMON_BLOCKS = YES;
				GCC_WARN_64_TO_32_BIT_CONVERSION = YES;
				GCC_WARN_ABOUT_RETURN_TYPE = YES_ERROR;
				GCC_WARN_UNDECLARED_SELECTOR = YES;
				GCC_WARN_UNINITIALIZED_AUTOS = YES_AGGRESSIVE;
				GCC_WARN_UNUSED_FUNCTION = YES;
				GCC_WARN_UNUSED_VARIABLE = YES;
				IPHONEOS_DEPLOYMENT_TARGET = 15.2;
				MTL_ENABLE_DEBUG_INFO = NO;
				MTL_FAST_MATH = YES;
				SDKROOT = iphoneos;
				SWIFT_COMPILATION_MODE = wholemodule;
				SWIFT_OPTIMIZATION_LEVEL = "-O";
				VALIDATE_PRODUCT = YES;
			};
			name = Release;
		};
		540615F9294AECA2001D6CA8 /* Debug */ = {
			isa = XCBuildConfiguration;
			buildSettings = {
				ASSETCATALOG_COMPILER_APPICON_NAME = AppIcon;
				ASSETCATALOG_COMPILER_GLOBAL_ACCENT_COLOR_NAME = AccentColor;
				CODE_SIGN_STYLE = Automatic;
				CURRENT_PROJECT_VERSION = 1;
				GENERATE_INFOPLIST_FILE = YES;
				INFOPLIST_FILE = countryCodePicker/Info.plist;
				INFOPLIST_KEY_UIApplicationSupportsIndirectInputEvents = YES;
				INFOPLIST_KEY_UILaunchStoryboardName = LaunchScreen;
				INFOPLIST_KEY_UIMainStoryboardFile = Main;
				INFOPLIST_KEY_UISupportedInterfaceOrientations_iPad = "UIInterfaceOrientationPortrait UIInterfaceOrientationPortraitUpsideDown UIInterfaceOrientationLandscapeLeft UIInterfaceOrientationLandscapeRight";
				INFOPLIST_KEY_UISupportedInterfaceOrientations_iPhone = "UIInterfaceOrientationPortrait UIInterfaceOrientationLandscapeLeft UIInterfaceOrientationLandscapeRight";
				LD_RUNPATH_SEARCH_PATHS = (
					"$(inherited)",
					"@executable_path/Frameworks",
				);
				MARKETING_VERSION = 1.0;
				PRODUCT_BUNDLE_IDENTIFIER = com.simbesi.countryCodePicker;
				PRODUCT_NAME = "$(TARGET_NAME)";
				SWIFT_EMIT_LOC_STRINGS = YES;
				SWIFT_VERSION = 5.0;
				TARGETED_DEVICE_FAMILY = "1,2";
			};
			name = Debug;
		};
		540615FA294AECA2001D6CA8 /* Release */ = {
			isa = XCBuildConfiguration;
			buildSettings = {
				ASSETCATALOG_COMPILER_APPICON_NAME = AppIcon;
				ASSETCATALOG_COMPILER_GLOBAL_ACCENT_COLOR_NAME = AccentColor;
				CODE_SIGN_STYLE = Automatic;
				CURRENT_PROJECT_VERSION = 1;
				GENERATE_INFOPLIST_FILE = YES;
				INFOPLIST_FILE = countryCodePicker/Info.plist;
				INFOPLIST_KEY_UIApplicationSupportsIndirectInputEvents = YES;
				INFOPLIST_KEY_UILaunchStoryboardName = LaunchScreen;
				INFOPLIST_KEY_UIMainStoryboardFile = Main;
				INFOPLIST_KEY_UISupportedInterfaceOrientations_iPad = "UIInterfaceOrientationPortrait UIInterfaceOrientationPortraitUpsideDown UIInterfaceOrientationLandscapeLeft UIInterfaceOrientationLandscapeRight";
				INFOPLIST_KEY_UISupportedInterfaceOrientations_iPhone = "UIInterfaceOrientationPortrait UIInterfaceOrientationLandscapeLeft UIInterfaceOrientationLandscapeRight";
				LD_RUNPATH_SEARCH_PATHS = (
					"$(inherited)",
					"@executable_path/Frameworks",
				);
				MARKETING_VERSION = 1.0;
				PRODUCT_BUNDLE_IDENTIFIER = com.simbesi.countryCodePicker;
				PRODUCT_NAME = "$(TARGET_NAME)";
				SWIFT_EMIT_LOC_STRINGS = YES;
				SWIFT_VERSION = 5.0;
				TARGETED_DEVICE_FAMILY = "1,2";
			};
			name = Release;
		};
/* End XCBuildConfiguration section */

/* Begin XCConfigurationList section */
		540615DC294AECA0001D6CA8 /* Build configuration list for PBXProject "countryCodePicker" */ = {
			isa = XCConfigurationList;
			buildConfigurations = (
				540615F6294AECA2001D6CA8 /* Debug */,
				540615F7294AECA2001D6CA8 /* Release */,
			);
			defaultConfigurationIsVisible = 0;
			defaultConfigurationName = Release;
		};
		540615F8294AECA2001D6CA8 /* Build configuration list for PBXNativeTarget "countryCodePicker" */ = {
			isa = XCConfigurationList;
			buildConfigurations = (
				540615F9294AECA2001D6CA8 /* Debug */,
				540615FA294AECA2001D6CA8 /* Release */,
			);
			defaultConfigurationIsVisible = 0;
			defaultConfigurationName = Release;
		};
/* End XCConfigurationList section */

/* Begin XCVersionGroup section */
		540615ED294AECA0001D6CA8 /* countryCodePicker.xcdatamodeld */ = {
			isa = XCVersionGroup;
			children = (
				540615EE294AECA0001D6CA8 /* countryCodePicker.xcdatamodel */,
			);
			currentVersion = 540615EE294AECA0001D6CA8 /* countryCodePicker.xcdatamodel */;
			path = countryCodePicker.xcdatamodeld;
			sourceTree = "<group>";
			versionGroupType = wrapper.xcdatamodel;
		};
/* End XCVersionGroup section */
	};
	rootObject = 540615D9294AECA0001D6CA8 /* Project object */;
}
